
Microsoft Visual Studio Solution File, Format Version 12.00
# Visual Studio 2012
Project("{FAE04EC0-301F-11D3-BF4B-00C04F79EFBC}") = "DropboxMiniHack", "DropboxMiniHack.csproj", "{7CC919A6-195B-4FE2-B2C6-24D8E0B19BF6}"
EndProject
Global
	GlobalSection(SolutionConfigurationPlatforms) = preSolution
		Debug|iPhoneSimulator = Debug|iPhoneSimulator
		Release|iPhoneSimulator = Release|iPhoneSimulator
		Debug|iPhone = Debug|iPhone
		Release|iPhone = Release|iPhone
		Ad-Hoc|iPhone = Ad-Hoc|iPhone
		AppStore|iPhone = AppStore|iPhone
	EndGlobalSection
	GlobalSection(ProjectConfigurationPlatforms) = postSolution
		{7CC919A6-195B-4FE2-B2C6-24D8E0B19BF6}.Ad-Hoc|iPhone.ActiveCfg = Ad-Hoc|iPhone
		{7CC919A6-195B-4FE2-B2C6-24D8E0B19BF6}.Ad-Hoc|iPhone.Build.0 = Ad-Hoc|iPhone
		{7CC919A6-195B-4FE2-B2C6-24D8E0B19BF6}.AppStore|iPhone.ActiveCfg = AppStore|iPhone
		{7CC919A6-195B-4FE2-B2C6-24D8E0B19BF6}.AppStore|iPhone.Build.0 = AppStore|iPhone
		{7CC919A6-195B-4FE2-B2C6-24D8E0B19BF6}.Debug|iPhone.ActiveCfg = Debug|iPhone
		{7CC919A6-195B-4FE2-B2C6-24D8E0B19BF6}.Debug|iPhone.Build.0 = Debug|iPhone
		{7CC919A6-195B-4FE2-B2C6-24D8E0B19BF6}.Debug|iPhoneSimulator.ActiveCfg = Debug|iPhoneSimulator
		{7CC919A6-195B-4FE2-B2C6-24D8E0B19BF6}.Debug|iPhoneSimulator.Build.0 = Debug|iPhoneSimulator
		{7CC919A6-195B-4FE2-B2C6-24D8E0B19BF6}.Release|iPhone.ActiveCfg = Release|iPhone
		{7CC919A6-195B-4FE2-B2C6-24D8E0B19BF6}.Release|iPhone.Build.0 = Release|iPhone
		{7CC919A6-195B-4FE2-B2C6-24D8E0B19BF6}.Release|iPhoneSimulator.ActiveCfg = Release|iPhoneSimulator
		{7CC919A6-195B-4FE2-B2C6-24D8E0B19BF6}.Release|iPhoneSimulator.Build.0 = Release|iPhoneSimulator
	EndGlobalSection
	GlobalSection(MonoDevelopProperties) = preSolution
		StartupItem = DropboxMiniHack.csproj
	EndGlobalSection
EndGlobal
